
Microsoft Visual Studio Solution File, Format Version 12.00
# Visual Studio Version 16
VisualStudioVersion = 16.0.30523.141
MinimumVisualStudioVersion = 10.0.40219.1
Project("{FAE04EC0-301F-11D3-BF4B-00C04F79EFBC}") = "Exercises_78-2018", "Exercises_78-2018\Exercises_78-2018.csproj", "{83826150-856C-45E4-B707-20E0874A9977}"
EndProject
Global
	GlobalSection(SolutionConfigurationPlatforms) = preSolution
		Debug|Any CPU = Debug|Any CPU
		Release|Any CPU = Release|Any CPU
	EndGlobalSection
	GlobalSection(ProjectConfigurationPlatforms) = postSolution
		{83826150-856C-45E4-B707-20E0874A9977}.Debug|Any CPU.ActiveCfg = Debug|Any CPU
		{83826150-856C-45E4-B707-20E0874A9977}.Debug|Any CPU.Build.0 = Debug|Any CPU
		{83826150-856C-45E4-B707-20E0874A9977}.Release|Any CPU.ActiveCfg = Release|Any CPU
		{83826150-856C-45E4-B707-20E0874A9977}.Release|Any CPU.Build.0 = Release|Any CPU
	EndGlobalSection
	GlobalSection(SolutionProperties) = preSolution
		HideSolutionNode = FALSE
	EndGlobalSection
	GlobalSection(ExtensibilityGlobals) = postSolution
		SolutionGuid = {AA61F10E-6D4C-4E1E-8E7B-BF089C8CA4D0}
	EndGlobalSection
EndGlobal
